# This file is automatically @generated by Cargo.
# It is not intended for manual editing.
version = 4

[[package]]
name = "genshin_pinyin_add"
version = "1.0.3"
dependencies = [
 "pinyin",
]

[[package]]
name = "pinyin"
version = "0.11.0"
source = "registry+https://github.com/rust-lang/crates.io-index"
checksum = "e225f595052d9c46045755be4b8d7950b6d9f3c33e0c0b74ba58f11bbfa8c64b"
