# This file is automatically @generated by Cargo.
# It is not intended for manual editing.
version = 4

[[package]]
name = "genshin_pinyin_add"
version = "1.0.0"
dependencies = [
 "pinyin",
]

[[package]]
name = "pinyin"
version = "0.11.0"
source = "git+https://github.com/mozillazg/rust-pinyin?branch=master#76fc7d30de40c85f4cc7e8e138da677a172a78b4"
